
Microsoft Visual Studio Solution File, Format Version 12.00
# Visual Studio Version 17
VisualStudioVersion = 17.5.33627.172
MinimumVisualStudioVersion = 10.0.40219.1
Project("{FAE04EC0-301F-11D3-BF4B-00C04F79EFBC}") = "Desafio", "Desafio.csproj", "{09A45EC3-E0F9-45EA-BD02-C94FE56C2AB1}"
EndProject
Project("{FAE04EC0-301F-11D3-BF4B-00C04F79EFBC}") = "WebDesafio.Repository", "..\WebDesafio.Repository\WebDesafio.Repository.csproj", "{69305C39-EE77-44EB-B36A-E7BC8E6CE85F}"
EndProject
Project("{FAE04EC0-301F-11D3-BF4B-00C04F79EFBC}") = "WebDesafio.Application", "..\WebDesafio.Application\WebDesafio.Application.csproj", "{07718A34-24F7-4174-805C-4DE18DB6B705}"
EndProject
Global
	GlobalSection(SolutionConfigurationPlatforms) = preSolution
		Debug|Any CPU = Debug|Any CPU
		Release|Any CPU = Release|Any CPU
	EndGlobalSection
	GlobalSection(ProjectConfigurationPlatforms) = postSolution
		{09A45EC3-E0F9-45EA-BD02-C94FE56C2AB1}.Debug|Any CPU.ActiveCfg = Debug|Any CPU
		{09A45EC3-E0F9-45EA-BD02-C94FE56C2AB1}.Debug|Any CPU.Build.0 = Debug|Any CPU
		{09A45EC3-E0F9-45EA-BD02-C94FE56C2AB1}.Release|Any CPU.ActiveCfg = Release|Any CPU
		{09A45EC3-E0F9-45EA-BD02-C94FE56C2AB1}.Release|Any CPU.Build.0 = Release|Any CPU
		{69305C39-EE77-44EB-B36A-E7BC8E6CE85F}.Debug|Any CPU.ActiveCfg = Debug|Any CPU
		{69305C39-EE77-44EB-B36A-E7BC8E6CE85F}.Debug|Any CPU.Build.0 = Debug|Any CPU
		{69305C39-EE77-44EB-B36A-E7BC8E6CE85F}.Release|Any CPU.ActiveCfg = Release|Any CPU
		{69305C39-EE77-44EB-B36A-E7BC8E6CE85F}.Release|Any CPU.Build.0 = Release|Any CPU
		{07718A34-24F7-4174-805C-4DE18DB6B705}.Debug|Any CPU.ActiveCfg = Debug|Any CPU
		{07718A34-24F7-4174-805C-4DE18DB6B705}.Debug|Any CPU.Build.0 = Debug|Any CPU
		{07718A34-24F7-4174-805C-4DE18DB6B705}.Release|Any CPU.ActiveCfg = Release|Any CPU
		{07718A34-24F7-4174-805C-4DE18DB6B705}.Release|Any CPU.Build.0 = Release|Any CPU
	EndGlobalSection
	GlobalSection(SolutionProperties) = preSolution
		HideSolutionNode = FALSE
	EndGlobalSection
	GlobalSection(ExtensibilityGlobals) = postSolution
		SolutionGuid = {D3BE09C2-ED44-4FD0-B4D2-78284F9E4E65}
	EndGlobalSection
EndGlobal
